// !$*UTF8*$!
{
	archiveVersion = 1;
	classes = {
	};
	objectVersion = 46;
	objects = {

/* Begin PBXBuildFile section */
		03B4A0A41D1A818F00503EC1 /* AppDelegate.swift in Sources */ = {isa = PBXBuildFile; fileRef = 03B4A0A31D1A818F00503EC1 /* AppDelegate.swift */; };
		03B4A0A61D1A818F00503EC1 /* ViewController.swift in Sources */ = {isa = PBXBuildFile; fileRef = 03B4A0A51D1A818F00503EC1 /* ViewController.swift */; };
		03B4A0A91D1A818F00503EC1 /* Main.storyboard in Resources */ = {isa = PBXBuildFile; fileRef = 03B4A0A71D1A818F00503EC1 /* Main.storyboard */; };
		03B4A0AB1D1A818F00503EC1 /* Assets.xcassets in Resources */ = {isa = PBXBuildFile; fileRef = 03B4A0AA1D1A818F00503EC1 /* Assets.xcassets */; };
		03B4A0AE1D1A818F00503EC1 /* LaunchScreen.storyboard in Resources */ = {isa = PBXBuildFile; fileRef = 03B4A0AC1D1A818F00503EC1 /* LaunchScreen.storyboard */; };
		03B4A0B91D1A818F00503EC1 /* textTests.swift in Sources */ = {isa = PBXBuildFile; fileRef = 03B4A0B81D1A818F00503EC1 /* textTests.swift */; };
		03B4A0C41D1A818F00503EC1 /* textUITests.swift in Sources */ = {isa = PBXBuildFile; fileRef = 03B4A0C31D1A818F00503EC1 /* textUITests.swift */; };
/* End PBXBuildFile section */

/* Begin PBXContainerItemProxy section */
		03B4A0B51D1A818F00503EC1 /* PBXContainerItemProxy */ = {
			isa = PBXContainerItemProxy;
			containerPortal = 03B4A0981D1A818F00503EC1 /* Project object */;
			proxyType = 1;
			remoteGlobalIDString = 03B4A09F1D1A818F00503EC1;
			remoteInfo = text;
		};
		03B4A0C01D1A818F00503EC1 /* PBXContainerItemProxy */ = {
			isa = PBXContainerItemProxy;
			containerPortal = 03B4A0981D1A818F00503EC1 /* Project object */;
			proxyType = 1;
			remoteGlobalIDString = 03B4A09F1D1A818F00503EC1;
			remoteInfo = text;
		};
/* End PBXContainerItemProxy section */

/* Begin PBXFileReference section */
		03B4A0A01D1A818F00503EC1 /* text.app */ = {isa = PBXFileReference; explicitFileType = wrapper.application; includeInIndex = 0; path = text.app; sourceTree = BUILT_PRODUCTS_DIR; };
		03B4A0A31D1A818F00503EC1 /* AppDelegate.swift */ = {isa = PBXFileReference; lastKnownFileType = sourcecode.swift; path = AppDelegate.swift; sourceTree = "<group>"; };
		03B4A0A51D1A818F00503EC1 /* ViewController.swift */ = {isa = PBXFileReference; lastKnownFileType = sourcecode.swift; path = ViewController.swift; sourceTree = "<group>"; };
		03B4A0A81D1A818F00503EC1 /* Base */ = {isa = PBXFileReference; lastKnownFileType = file.storyboard; name = Base; path = Base.lproj/Main.storyboard; sourceTree = "<group>"; };
		03B4A0AA1D1A818F00503EC1 /* Assets.xcassets */ = {isa = PBXFileReference; lastKnownFileType = folder.assetcatalog; path = Assets.xcassets; sourceTree = "<group>"; };
		03B4A0AD1D1A818F00503EC1 /* Base */ = {isa = PBXFileReference; lastKnownFileType = file.storyboard; name = Base; path = Base.lproj/LaunchScreen.storyboard; sourceTree = "<group>"; };
		03B4A0AF1D1A818F00503EC1 /* Info.plist */ = {isa = PBXFileReference; lastKnownFileType = text.plist.xml; path = Info.plist; sourceTree = "<group>"; };
		03B4A0B41D1A818F00503EC1 /* textTests.xctest */ = {isa = PBXFileReference; explicitFileType = wrapper.cfbundle; includeInIndex = 0; path = textTests.xctest; sourceTree = BUILT_PRODUCTS_DIR; };
		03B4A0B81D1A818F00503EC1 /* textTests.swift */ = {isa = PBXFileReference; lastKnownFileType = sourcecode.swift; path = textTests.swift; sourceTree = "<group>"; };
		03B4A0BA1D1A818F00503EC1 /* Info.plist */ = {isa = PBXFileReference; lastKnownFileType = text.plist.xml; path = Info.plist; sourceTree = "<group>"; };
		03B4A0BF1D1A818F00503EC1 /* textUITests.xctest */ = {isa = PBXFileReference; explicitFileType = wrapper.cfbundle; includeInIndex = 0; path = textUITests.xctest; sourceTree = BUILT_PRODUCTS_DIR; };
		03B4A0C31D1A818F00503EC1 /* textUITests.swift */ = {isa = PBXFileReference; lastKnownFileType = sourcecode.swift; path = textUITests.swift; sourceTree = "<group>"; };
		03B4A0C51D1A818F00503EC1 /* Info.plist */ = {isa = PBXFileReference; lastKnownFileType = text.plist.xml; path = Info.plist; sourceTree = "<group>"; };
/* End PBXFileReference section */

/* Begin PBXFrameworksBuildPhase section */
		03B4A09D1D1A818F00503EC1 /* Frameworks */ = {
			isa = PBXFrameworksBuildPhase;
			buildActionMask = 2147483647;
			files = (
			);
			runOnlyForDeploymentPostprocessing = 0;
		};
		03B4A0B11D1A818F00503EC1 /* Frameworks */ = {
			isa = PBXFrameworksBuildPhase;
			buildActionMask = 2147483647;
			files = (
			);
			runOnlyForDeploymentPostprocessing = 0;
		};
		03B4A0BC1D1A818F00503EC1 /* Frameworks */ = {
			isa = PBXFrameworksBuildPhase;
			buildActionMask = 2147483647;
			files = (
			);
			runOnlyForDeploymentPostprocessing = 0;
		};
/* End PBXFrameworksBuildPhase section */

/* Begin PBXGroup section */
		03B4A0971D1A818F00503EC1 = {
			isa = PBXGroup;
			children = (
				03B4A0A21D1A818F00503EC1 /* text */,
				03B4A0B71D1A818F00503EC1 /* textTests */,
				03B4A0C21D1A818F00503EC1 /* textUITests */,
				03B4A0A11D1A818F00503EC1 /* Products */,
			);
			sourceTree = "<group>";
		};
		03B4A0A11D1A818F00503EC1 /* Products */ = {
			isa = PBXGroup;
			children = (
				03B4A0A01D1A818F00503EC1 /* text.app */,
				03B4A0B41D1A818F00503EC1 /* textTests.xctest */,
				03B4A0BF1D1A818F00503EC1 /* textUITests.xctest */,
			);
			name = Products;
			sourceTree = "<group>";
		};
		03B4A0A21D1A818F00503EC1 /* text */ = {
			isa = PBXGroup;
			children = (
				03B4A0A31D1A818F00503EC1 /* AppDelegate.swift */,
				03B4A0A51D1A818F00503EC1 /* ViewController.swift */,
				03B4A0A71D1A818F00503EC1 /* Main.storyboard */,
				03B4A0AA1D1A818F00503EC1 /* Assets.xcassets */,
				03B4A0AC1D1A818F00503EC1 /* LaunchScreen.storyboard */,
				03B4A0AF1D1A818F00503EC1 /* Info.plist */,
			);
			path = text;
			sourceTree = "<group>";
		};
		03B4A0B71D1A818F00503EC1 /* textTests */ = {
			isa = PBXGroup;
			children = (
				03B4A0B81D1A818F00503EC1 /* textTests.swift */,
				03B4A0BA1D1A818F00503EC1 /* Info.plist */,
			);
			path = textTests;
			sourceTree = "<group>";
		};
		03B4A0C21D1A818F00503EC1 /* textUITests */ = {
			isa = PBXGroup;
			children = (
				03B4A0C31D1A818F00503EC1 /* textUITests.swift */,
				03B4A0C51D1A818F00503EC1 /* Info.plist */,
			);
			path = textUITests;
			sourceTree = "<group>";
		};
/* End PBXGroup section */

/* Begin PBXNativeTarget section */
		03B4A09F1D1A818F00503EC1 /* text */ = {
			isa = PBXNativeTarget;
			buildConfigurationList = 03B4A0C81D1A818F00503EC1 /* Build configuration list for PBXNativeTarget "text" */;
			buildPhases = (
				03B4A09C1D1A818F00503EC1 /* Sources */,
				03B4A09D1D1A818F00503EC1 /* Frameworks */,
				03B4A09E1D1A818F00503EC1 /* Resources */,
			);
			buildRules = (
			);
			dependencies = (
			);
			name = text;
			productName = text;
			productReference = 03B4A0A01D1A818F00503EC1 /* text.app */;
			productType = "com.apple.product-type.application";
		};
		03B4A0B31D1A818F00503EC1 /* textTests */ = {
			isa = PBXNativeTarget;
			buildConfigurationList = 03B4A0CB1D1A818F00503EC1 /* Build configuration list for PBXNativeTarget "textTests" */;
			buildPhases = (
				03B4A0B01D1A818F00503EC1 /* Sources */,
				03B4A0B11D1A818F00503EC1 /* Frameworks */,
				03B4A0B21D1A818F00503EC1 /* Resources */,
			);
			buildRules = (
			);
			dependencies = (
				03B4A0B61D1A818F00503EC1 /* PBXTargetDependency */,
			);
			name = textTests;
			productName = textTests;
			productReference = 03B4A0B41D1A818F00503EC1 /* textTests.xctest */;
			productType = "com.apple.product-type.bundle.unit-test";
		};
		03B4A0BE1D1A818F00503EC1 /* textUITests */ = {
			isa = PBXNativeTarget;
			buildConfigurationList = 03B4A0CE1D1A818F00503EC1 /* Build configuration list for PBXNativeTarget "textUITests" */;
			buildPhases = (
				03B4A0BB1D1A818F00503EC1 /* Sources */,
				03B4A0BC1D1A818F00503EC1 /* Frameworks */,
				03B4A0BD1D1A818F00503EC1 /* Resources */,
			);
			buildRules = (
			);
			dependencies = (
				03B4A0C11D1A818F00503EC1 /* PBXTargetDependency */,
			);
			name = textUITests;
			productName = textUITests;
			productReference = 03B4A0BF1D1A818F00503EC1 /* textUITests.xctest */;
			productType = "com.apple.product-type.bundle.ui-testing";
		};
/* End PBXNativeTarget section */

/* Begin PBXProject section */
		03B4A0981D1A818F00503EC1 /* Project object */ = {
			isa = PBXProject;
			attributes = {
				LastSwiftUpdateCheck = 0730;
				LastUpgradeCheck = 0730;
				ORGANIZATIONNAME = l20141105048;
				TargetAttributes = {
					03B4A09F1D1A818F00503EC1 = {
						CreatedOnToolsVersion = 7.3.1;
					};
					03B4A0B31D1A818F00503EC1 = {
						CreatedOnToolsVersion = 7.3.1;
						TestTargetID = 03B4A09F1D1A818F00503EC1;
					};
					03B4A0BE1D1A818F00503EC1 = {
						CreatedOnToolsVersion = 7.3.1;
						TestTargetID = 03B4A09F1D1A818F00503EC1;
					};
				};
			};
			buildConfigurationList = 03B4A09B1D1A818F00503EC1 /* Build configuration list for PBXProject "text" */;
			compatibilityVersion = "Xcode 3.2";
			developmentRegion = English;
			hasScannedForEncodings = 0;
			knownRegions = (
				en,
				Base,
			);
			mainGroup = 03B4A0971D1A818F00503EC1;
			productRefGroup = 03B4A0A11D1A818F00503EC1 /* Products */;
			projectDirPath = "";
			projectRoot = "";
			targets = (
				03B4A09F1D1A818F00503EC1 /* text */,
				03B4A0B31D1A818F00503EC1 /* textTests */,
				03B4A0BE1D1A818F00503EC1 /* textUITests */,
			);
		};
/* End PBXProject section */

/* Begin PBXResourcesBuildPhase section */
		03B4A09E1D1A818F00503EC1 /* Resources */ = {
			isa = PBXResourcesBuildPhase;
			buildActionMask = 2147483647;
			files = (
				03B4A0AE1D1A818F00503EC1 /* LaunchScreen.storyboard in Resources */,
				03B4A0AB1D1A818F00503EC1 /* Assets.xcassets in Resources */,
				03B4A0A91D1A818F00503EC1 /* Main.storyboard in Resources */,
			);
			runOnlyForDeploymentPostprocessing = 0;
		};
		03B4A0B21D1A818F00503EC1 /* Resources */ = {
			isa = PBXResourcesBuildPhase;
			buildActionMask = 2147483647;
			files = (
			);
			runOnlyForDeploymentPostprocessing = 0;
		};
		03B4A0BD1D1A818F00503EC1 /* Resources */ = {
			isa = PBXResourcesBuildPhase;
			buildActionMask = 2147483647;
			files = (
			);
			runOnlyForDeploymentPostprocessing = 0;
		};
/* End PBXResourcesBuildPhase section */

/* Begin PBXSourcesBuildPhase section */
		03B4A09C1D1A818F00503EC1 /* Sources */ = {
			isa = PBXSourcesBuildPhase;
			buildActionMask = 2147483647;
			files = (
				03B4A0A61D1A818F00503EC1 /* ViewController.swift in Sources */,
				03B4A0A41D1A818F00503EC1 /* AppDelegate.swift in Sources */,
			);
			runOnlyForDeploymentPostprocessing = 0;
		};
		03B4A0B01D1A818F00503EC1 /* Sources */ = {
			isa = PBXSourcesBuildPhase;
			buildActionMask = 2147483647;
			files = (
				03B4A0B91D1A818F00503EC1 /* textTests.swift in Sources */,
			);
			runOnlyForDeploymentPostprocessing = 0;
		};
		03B4A0BB1D1A818F00503EC1 /* Sources */ = {
			isa = PBXSourcesBuildPhase;
			buildActionMask = 2147483647;
			files = (
				03B4A0C41D1A818F00503EC1 /* textUITests.swift in Sources */,
			);
			runOnlyForDeploymentPostprocessing = 0;
		};
/* End PBXSourcesBuildPhase section */

/* Begin PBXTargetDependency section */
		03B4A0B61D1A818F00503EC1 /* PBXTargetDependency */ = {
			isa = PBXTargetDependency;
			target = 03B4A09F1D1A818F00503EC1 /* text */;
			targetProxy = 03B4A0B51D1A818F00503EC1 /* PBXContainerItemProxy */;
		};
		03B4A0C11D1A818F00503EC1 /* PBXTargetDependency */ = {
			isa = PBXTargetDependency;
			target = 03B4A09F1D1A818F00503EC1 /* text */;
			targetProxy = 03B4A0C01D1A818F00503EC1 /* PBXContainerItemProxy */;
		};
/* End PBXTargetDependency section */

/* Begin PBXVariantGroup section */
		03B4A0A71D1A818F00503EC1 /* Main.storyboard */ = {
			isa = PBXVariantGroup;
			children = (
				03B4A0A81D1A818F00503EC1 /* Base */,
			);
			name = Main.storyboard;
			sourceTree = "<group>";
		};
		03B4A0AC1D1A818F00503EC1 /* LaunchScreen.storyboard */ = {
			isa = PBXVariantGroup;
			children = (
				03B4A0AD1D1A818F00503EC1 /* Base */,
			);
			name = LaunchScreen.storyboard;
			sourceTree = "<group>";
		};
/* End PBXVariantGroup section */

/* Begin XCBuildConfiguration section */
		03B4A0C61D1A818F00503EC1 /* Debug */ = {
			isa = XCBuildConfiguration;
			buildSettings = {
				ALWAYS_SEARCH_USER_PATHS = NO;
				CLANG_ANALYZER_NONNULL = YES;
				CLANG_CXX_LANGUAGE_STANDARD = "gnu++0x";
				CLANG_CXX_LIBRARY = "libc++";
				CLANG_ENABLE_MODULES = YES;
				CLANG_ENABLE_OBJC_ARC = YES;
				CLANG_WARN_BOOL_CONVERSION = YES;
				CLANG_WARN_CONSTANT_CONVERSION = YES;
				CLANG_WARN_DIRECT_OBJC_ISA_USAGE = YES_ERROR;
				CLANG_WARN_EMPTY_BODY = YES;
				CLANG_WARN_ENUM_CONVERSION = YES;
				CLANG_WARN_INT_CONVERSION = YES;
				CLANG_WARN_OBJC_ROOT_CLASS = YES_ERROR;
				CLANG_WARN_UNREACHABLE_CODE = YES;
				CLANG_WARN__DUPLICATE_METHOD_MATCH = YES;
				"CODE_SIGN_IDENTITY[sdk=iphoneos*]" = "iPhone Developer";
				COPY_PHASE_STRIP = NO;
				DEBUG_INFORMATION_FORMAT = dwarf;
				ENABLE_STRICT_OBJC_MSGSEND = YES;
				ENABLE_TESTABILITY = YES;
				GCC_C_LANGUAGE_STANDARD = gnu99;
				GCC_DYNAMIC_NO_PIC = NO;
				GCC_NO_COMMON_BLOCKS = YES;
				GCC_OPTIMIZATION_LEVEL = 0;
				GCC_PREPROCESSOR_DEFINITIONS = (
					"DEBUG=1",
					"$(inherited)",
				);
				GCC_WARN_64_TO_32_BIT_CONVERSION = YES;
				GCC_WARN_ABOUT_RETURN_TYPE = YES_ERROR;
				GCC_WARN_UNDECLARED_SELECTOR = YES;
				GCC_WARN_UNINITIALIZED_AUTOS = YES_AGGRESSIVE;
				GCC_WARN_UNUSED_FUNCTION = YES;
				GCC_WARN_UNUSED_VARIABLE = YES;
				IPHONEOS_DEPLOYMENT_TARGET = 9.3;
				MTL_ENABLE_DEBUG_INFO = YES;
				ONLY_ACTIVE_ARCH = YES;
				SDKROOT = iphoneos;
				SWIFT_OPTIMIZATION_LEVEL = "-Onone";
				TARGETED_DEVICE_FAMILY = "1,2";
			};
			name = Debug;
		};
		03B4A0C71D1A818F00503EC1 /* Release */ = {
			isa = XCBuildConfiguration;
			buildSettings = {
				ALWAYS_SEARCH_USER_PATHS = NO;
				CLANG_ANALYZER_NONNULL = YES;
				CLANG_CXX_LANGUAGE_STANDARD = "gnu++0x";
				CLANG_CXX_LIBRARY = "libc++";
				CLANG_ENABLE_MODULES = YES;
				CLANG_ENABLE_OBJC_ARC = YES;
				CLANG_WARN_BOOL_CONVERSION = YES;
				CLANG_WARN_CONSTANT_CONVERSION = YES;
				CLANG_WARN_DIRECT_OBJC_ISA_USAGE = YES_ERROR;
				CLANG_WARN_EMPTY_BODY = YES;
				CLANG_WARN_ENUM_CONVERSION = YES;
				CLANG_WARN_INT_CONVERSION = YES;
				CLANG_WARN_OBJC_ROOT_CLASS = YES_ERROR;
				CLANG_WARN_UNREACHABLE_CODE = YES;
				CLANG_WARN__DUPLICATE_METHOD_MATCH = YES;
				"CODE_SIGN_IDENTITY[sdk=iphoneos*]" = "iPhone Developer";
				COPY_PHASE_STRIP = NO;
				DEBUG_INFORMATION_FORMAT = "dwarf-with-dsym";
				ENABLE_NS_ASSERTIONS = NO;
				ENABLE_STRICT_OBJC_MSGSEND = YES;
				GCC_C_LANGUAGE_STANDARD = gnu99;
				GCC_NO_COMMON_BLOCKS = YES;
				GCC_WARN_64_TO_32_BIT_CONVERSION = YES;
				GCC_WARN_ABOUT_RETURN_TYPE = YES_ERROR;
				GCC_WARN_UNDECLARED_SELECTOR = YES;
				GCC_WARN_UNINITIALIZED_AUTOS = YES_AGGRESSIVE;
				GCC_WARN_UNUSED_FUNCTION = YES;
				GCC_WARN_UNUSED_VARIABLE = YES;
				IPHONEOS_DEPLOYMENT_TARGET = 9.3;
				MTL_ENABLE_DEBUG_INFO = NO;
				SDKROOT = iphoneos;
				TARGETED_DEVICE_FAMILY = "1,2";
				VALIDATE_PRODUCT = YES;
			};
			name = Release;
		};
		03B4A0C91D1A818F00503EC1 /* Debug */ = {
			isa = XCBuildConfiguration;
			buildSettings = {
				ASSETCATALOG_COMPILER_APPICON_NAME = AppIcon;
				INFOPLIST_FILE = text/Info.plist;
				LD_RUNPATH_SEARCH_PATHS = "$(inherited) @executable_path/Frameworks";
				PRODUCT_BUNDLE_IDENTIFIER = text.text;
				PRODUCT_NAME = "$(TARGET_NAME)";
			};
			name = Debug;
		};
		03B4A0CA1D1A818F00503EC1 /* Release */ = {
			isa = XCBuildConfiguration;
			buildSettings = {
				ASSETCATALOG_COMPILER_APPICON_NAME = AppIcon;
				INFOPLIST_FILE = text/Info.plist;
				LD_RUNPATH_SEARCH_PATHS = "$(inherited) @executable_path/Frameworks";
				PRODUCT_BUNDLE_IDENTIFIER = text.text;
				PRODUCT_NAME = "$(TARGET_NAME)";
			};
			name = Release;
		};
		03B4A0CC1D1A818F00503EC1 /* Debug */ = {
			isa = XCBuildConfiguration;
			buildSettings = {
				BUNDLE_LOADER = "$(TEST_HOST)";
				INFOPLIST_FILE = textTests/Info.plist;
				LD_RUNPATH_SEARCH_PATHS = "$(inherited) @executable_path/Frameworks @loader_path/Frameworks";
				PRODUCT_BUNDLE_IDENTIFIER = text.textTests;
				PRODUCT_NAME = "$(TARGET_NAME)";
				TEST_HOST = "$(BUILT_PRODUCTS_DIR)/text.app/text";
			};
			name = Debug;
		};
		03B4A0CD1D1A818F00503EC1 /* Release */ = {
			isa = XCBuildConfiguration;
			buildSettings = {
				BUNDLE_LOADER = "$(TEST_HOST)";
				INFOPLIST_FILE = textTests/Info.plist;
				LD_RUNPATH_SEARCH_PATHS = "$(inherited) @executable_path/Frameworks @loader_path/Frameworks";
				PRODUCT_BUNDLE_IDENTIFIER = text.textTests;
				PRODUCT_NAME = "$(TARGET_NAME)";
				TEST_HOST = "$(BUILT_PRODUCTS_DIR)/text.app/text";
			};
			name = Release;
		};
		03B4A0CF1D1A818F00503EC1 /* Debug */ = {
			isa = XCBuildConfiguration;
			buildSettings = {
				INFOPLIST_FILE = textUITests/Info.plist;
				LD_RUNPATH_SEARCH_PATHS = "$(inherited) @executable_path/Frameworks @loader_path/Frameworks";
				PRODUCT_BUNDLE_IDENTIFIER = text.textUITests;
				PRODUCT_NAME = "$(TARGET_NAME)";
				TEST_TARGET_NAME = text;
			};
			name = Debug;
		};
		03B4A0D01D1A818F00503EC1 /* Release */ = {
			isa = XCBuildConfiguration;
			buildSettings = {
				INFOPLIST_FILE = textUITests/Info.plist;
				LD_RUNPATH_SEARCH_PATHS = "$(inherited) @executable_path/Frameworks @loader_path/Frameworks";
				PRODUCT_BUNDLE_IDENTIFIER = text.textUITests;
				PRODUCT_NAME = "$(TARGET_NAME)";
				TEST_TARGET_NAME = text;
			};
			name = Release;
		};
/* End XCBuildConfiguration section */

/* Begin XCConfigurationList section */
		03B4A09B1D1A818F00503EC1 /* Build configuration list for PBXProject "text" */ = {
			isa = XCConfigurationList;
			buildConfigurations = (
				03B4A0C61D1A818F00503EC1 /* Debug */,
				03B4A0C71D1A818F00503EC1 /* Release */,
			);
			defaultConfigurationIsVisible = 0;
			defaultConfigurationName = Release;
		};
		03B4A0C81D1A818F00503EC1 /* Build configuration list for PBXNativeTarget "text" */ = {
			isa = XCConfigurationList;
			buildConfigurations = (
				03B4A0C91D1A818F00503EC1 /* Debug */,
				03B4A0CA1D1A818F00503EC1 /* Release */,
			);
			defaultConfigurationIsVisible = 0;
		};
		03B4A0CB1D1A818F00503EC1 /* Build configuration list for PBXNativeTarget "textTests" */ = {
			isa = XCConfigurationList;
			buildConfigurations = (
				03B4A0CC1D1A818F00503EC1 /* Debug */,
				03B4A0CD1D1A818F00503EC1 /* Release */,
			);
			defaultConfigurationIsVisible = 0;
		};
		03B4A0CE1D1A818F00503EC1 /* Build configuration list for PBXNativeTarget "textUITests" */ = {
			isa = XCConfigurationList;
			buildConfigurations = (
				03B4A0CF1D1A818F00503EC1 /* Debug */,
				03B4A0D01D1A818F00503EC1 /* Release */,
			);
			defaultConfigurationIsVisible = 0;
		};
/* End XCConfigurationList section */
	};
	rootObject = 03B4A0981D1A818F00503EC1 /* Project object */;
}
